
Microsoft Visual Studio Solution File, Format Version 12.00
# Visual Studio Version 16
VisualStudioVersion = 16.0.33529.622
MinimumVisualStudioVersion = 10.0.40219.1
Project("{FAE04EC0-301F-11D3-BF4B-00C04F79EFBC}") = "Student Management", "Student Management.csproj", "{1A088890-F30F-463B-8850-3434F38DD8E6}"
EndProject
Global
	GlobalSection(SolutionConfigurationPlatforms) = preSolution
		Debug|Any CPU = Debug|Any CPU
		Release|Any CPU = Release|Any CPU
	EndGlobalSection
	GlobalSection(ProjectConfigurationPlatforms) = postSolution
		{1A088890-F30F-463B-8850-3434F38DD8E6}.Debug|Any CPU.ActiveCfg = Debug|Any CPU
		{1A088890-F30F-463B-8850-3434F38DD8E6}.Debug|Any CPU.Build.0 = Debug|Any CPU
		{1A088890-F30F-463B-8850-3434F38DD8E6}.Release|Any CPU.ActiveCfg = Release|Any CPU
		{1A088890-F30F-463B-8850-3434F38DD8E6}.Release|Any CPU.Build.0 = Release|Any CPU
	EndGlobalSection
	GlobalSection(SolutionProperties) = preSolution
		HideSolutionNode = FALSE
	EndGlobalSection
	GlobalSection(ExtensibilityGlobals) = postSolution
		SolutionGuid = {0CD0B441-DD96-44BB-A7CB-B71F9924CBF0}
	EndGlobalSection
EndGlobal
